
Microsoft Visual Studio Solution File, Format Version 12.00
# Visual Studio 14
VisualStudioVersion = 14.0.25420.1
MinimumVisualStudioVersion = 10.0.40219.1
Project("{FAE04EC0-301F-11D3-BF4B-00C04F79EFBC}") = "EsiaNET", "EsiaNET\EsiaNET.csproj", "{70550F97-0C9B-43E9-AF5E-6987BAFC68A0}"
EndProject
Project("{FAE04EC0-301F-11D3-BF4B-00C04F79EFBC}") = "EsiaNET.Identity", "EsiaNET.Identity\EsiaNET.Identity.csproj", "{7A5B9A00-FAF1-4E57-B0BD-46CA8D04169B}"
EndProject
Global
	GlobalSection(SolutionConfigurationPlatforms) = preSolution
		Debug|Any CPU = Debug|Any CPU
		Release|Any CPU = Release|Any CPU
	EndGlobalSection
	GlobalSection(ProjectConfigurationPlatforms) = postSolution
		{70550F97-0C9B-43E9-AF5E-6987BAFC68A0}.Debug|Any CPU.ActiveCfg = Debug|Any CPU
		{70550F97-0C9B-43E9-AF5E-6987BAFC68A0}.Debug|Any CPU.Build.0 = Debug|Any CPU
		{70550F97-0C9B-43E9-AF5E-6987BAFC68A0}.Release|Any CPU.ActiveCfg = Release|Any CPU
		{70550F97-0C9B-43E9-AF5E-6987BAFC68A0}.Release|Any CPU.Build.0 = Release|Any CPU
		{7A5B9A00-FAF1-4E57-B0BD-46CA8D04169B}.Debug|Any CPU.ActiveCfg = Debug|Any CPU
		{7A5B9A00-FAF1-4E57-B0BD-46CA8D04169B}.Debug|Any CPU.Build.0 = Debug|Any CPU
		{7A5B9A00-FAF1-4E57-B0BD-46CA8D04169B}.Release|Any CPU.ActiveCfg = Release|Any CPU
		{7A5B9A00-FAF1-4E57-B0BD-46CA8D04169B}.Release|Any CPU.Build.0 = Release|Any CPU
	EndGlobalSection
	GlobalSection(SolutionProperties) = preSolution
		HideSolutionNode = FALSE
	EndGlobalSection
EndGlobal
